
Microsoft Visual Studio Solution File, Format Version 12.00
# Visual Studio 15
VisualStudioVersion = 15.0.28010.2019
MinimumVisualStudioVersion = 10.0.40219.1
Project("{FAE04EC0-301F-11D3-BF4B-00C04F79EFBC}") = "VILIB", "VILIB\VILIB.csproj", "{CF137B9B-24E4-4A4E-9B4F-4C8A9634AEAF}"
EndProject
Project("{9A19103F-16F7-4668-BE54-9A1E7A4F7556}") = "WebApplication", "WebApplication\WebApplication.csproj", "{9B8CEB25-EA65-4160-9199-C1FF2F096524}"
EndProject
Project("{FAE04EC0-301F-11D3-BF4B-00C04F79EFBC}") = "Database", "Database\Database.csproj", "{E3089982-E97E-445D-A593-093209F31BFE}"
EndProject
Global
	GlobalSection(SolutionConfigurationPlatforms) = preSolution
		Debug|Any CPU = Debug|Any CPU
		Debug|ARM = Debug|ARM
		Debug|x64 = Debug|x64
		Debug|x86 = Debug|x86
		Release|Any CPU = Release|Any CPU
		Release|ARM = Release|ARM
		Release|x64 = Release|x64
		Release|x86 = Release|x86
	EndGlobalSection
	GlobalSection(ProjectConfigurationPlatforms) = postSolution
		{CF137B9B-24E4-4A4E-9B4F-4C8A9634AEAF}.Debug|Any CPU.ActiveCfg = Debug|Any CPU
		{CF137B9B-24E4-4A4E-9B4F-4C8A9634AEAF}.Debug|Any CPU.Build.0 = Debug|Any CPU
		{CF137B9B-24E4-4A4E-9B4F-4C8A9634AEAF}.Debug|ARM.ActiveCfg = Debug|Any CPU
		{CF137B9B-24E4-4A4E-9B4F-4C8A9634AEAF}.Debug|ARM.Build.0 = Debug|Any CPU
		{CF137B9B-24E4-4A4E-9B4F-4C8A9634AEAF}.Debug|x64.ActiveCfg = Debug|Any CPU
		{CF137B9B-24E4-4A4E-9B4F-4C8A9634AEAF}.Debug|x64.Build.0 = Debug|Any CPU
		{CF137B9B-24E4-4A4E-9B4F-4C8A9634AEAF}.Debug|x86.ActiveCfg = Debug|Any CPU
		{CF137B9B-24E4-4A4E-9B4F-4C8A9634AEAF}.Debug|x86.Build.0 = Debug|Any CPU
		{CF137B9B-24E4-4A4E-9B4F-4C8A9634AEAF}.Release|Any CPU.ActiveCfg = Release|Any CPU
		{CF137B9B-24E4-4A4E-9B4F-4C8A9634AEAF}.Release|Any CPU.Build.0 = Release|Any CPU
		{CF137B9B-24E4-4A4E-9B4F-4C8A9634AEAF}.Release|ARM.ActiveCfg = Release|Any CPU
		{CF137B9B-24E4-4A4E-9B4F-4C8A9634AEAF}.Release|ARM.Build.0 = Release|Any CPU
		{CF137B9B-24E4-4A4E-9B4F-4C8A9634AEAF}.Release|x64.ActiveCfg = Release|Any CPU
		{CF137B9B-24E4-4A4E-9B4F-4C8A9634AEAF}.Release|x64.Build.0 = Release|Any CPU
		{CF137B9B-24E4-4A4E-9B4F-4C8A9634AEAF}.Release|x86.ActiveCfg = Release|Any CPU
		{CF137B9B-24E4-4A4E-9B4F-4C8A9634AEAF}.Release|x86.Build.0 = Release|Any CPU
		{9B8CEB25-EA65-4160-9199-C1FF2F096524}.Debug|Any CPU.ActiveCfg = Debug|Any CPU
		{9B8CEB25-EA65-4160-9199-C1FF2F096524}.Debug|Any CPU.Build.0 = Debug|Any CPU
		{9B8CEB25-EA65-4160-9199-C1FF2F096524}.Debug|ARM.ActiveCfg = Debug|Any CPU
		{9B8CEB25-EA65-4160-9199-C1FF2F096524}.Debug|ARM.Build.0 = Debug|Any CPU
		{9B8CEB25-EA65-4160-9199-C1FF2F096524}.Debug|x64.ActiveCfg = Debug|Any CPU
		{9B8CEB25-EA65-4160-9199-C1FF2F096524}.Debug|x64.Build.0 = Debug|Any CPU
		{9B8CEB25-EA65-4160-9199-C1FF2F096524}.Debug|x86.ActiveCfg = Debug|Any CPU
		{9B8CEB25-EA65-4160-9199-C1FF2F096524}.Debug|x86.Build.0 = Debug|Any CPU
		{9B8CEB25-EA65-4160-9199-C1FF2F096524}.Release|Any CPU.ActiveCfg = Release|Any CPU
		{9B8CEB25-EA65-4160-9199-C1FF2F096524}.Release|Any CPU.Build.0 = Release|Any CPU
		{9B8CEB25-EA65-4160-9199-C1FF2F096524}.Release|ARM.ActiveCfg = Release|Any CPU
		{9B8CEB25-EA65-4160-9199-C1FF2F096524}.Release|ARM.Build.0 = Release|Any CPU
		{9B8CEB25-EA65-4160-9199-C1FF2F096524}.Release|x64.ActiveCfg = Release|Any CPU
		{9B8CEB25-EA65-4160-9199-C1FF2F096524}.Release|x64.Build.0 = Release|Any CPU
		{9B8CEB25-EA65-4160-9199-C1FF2F096524}.Release|x86.ActiveCfg = Release|Any CPU
		{9B8CEB25-EA65-4160-9199-C1FF2F096524}.Release|x86.Build.0 = Release|Any CPU
		{E3089982-E97E-445D-A593-093209F31BFE}.Debug|Any CPU.ActiveCfg = Debug|Any CPU
		{E3089982-E97E-445D-A593-093209F31BFE}.Debug|Any CPU.Build.0 = Debug|Any CPU
		{E3089982-E97E-445D-A593-093209F31BFE}.Debug|ARM.ActiveCfg = Debug|Any CPU
		{E3089982-E97E-445D-A593-093209F31BFE}.Debug|ARM.Build.0 = Debug|Any CPU
		{E3089982-E97E-445D-A593-093209F31BFE}.Debug|x64.ActiveCfg = Debug|Any CPU
		{E3089982-E97E-445D-A593-093209F31BFE}.Debug|x64.Build.0 = Debug|Any CPU
		{E3089982-E97E-445D-A593-093209F31BFE}.Debug|x86.ActiveCfg = Debug|Any CPU
		{E3089982-E97E-445D-A593-093209F31BFE}.Debug|x86.Build.0 = Debug|Any CPU
		{E3089982-E97E-445D-A593-093209F31BFE}.Release|Any CPU.ActiveCfg = Release|Any CPU
		{E3089982-E97E-445D-A593-093209F31BFE}.Release|Any CPU.Build.0 = Release|Any CPU
		{E3089982-E97E-445D-A593-093209F31BFE}.Release|ARM.ActiveCfg = Release|Any CPU
		{E3089982-E97E-445D-A593-093209F31BFE}.Release|ARM.Build.0 = Release|Any CPU
		{E3089982-E97E-445D-A593-093209F31BFE}.Release|x64.ActiveCfg = Release|Any CPU
		{E3089982-E97E-445D-A593-093209F31BFE}.Release|x64.Build.0 = Release|Any CPU
		{E3089982-E97E-445D-A593-093209F31BFE}.Release|x86.ActiveCfg = Release|Any CPU
		{E3089982-E97E-445D-A593-093209F31BFE}.Release|x86.Build.0 = Release|Any CPU
	EndGlobalSection
	GlobalSection(SolutionProperties) = preSolution
		HideSolutionNode = FALSE
	EndGlobalSection
	GlobalSection(ExtensibilityGlobals) = postSolution
		SolutionGuid = {CE5E9F7F-B992-4E1C-998C-042289024649}
	EndGlobalSection
EndGlobal
